// !$*UTF8*$!
{
	archiveVersion = 1;
	classes = {
	};
	objectVersion = 56;
	objects = {

/* Begin PBXBuildFile section */
		06BCA00E2BCFE61F001A3E27 /* Movie_BuffApp.swift in Sources */ = {isa = PBXBuildFile; fileRef = 06BCA00D2BCFE61F001A3E27 /* Movie_BuffApp.swift */; };
		06BCA0102BCFE61F001A3E27 /* ContentView.swift in Sources */ = {isa = PBXBuildFile; fileRef = 06BCA00F2BCFE61F001A3E27 /* ContentView.swift */; };
		06BCA0122BCFE61F001A3E27 /* Item.swift in Sources */ = {isa = PBXBuildFile; fileRef = 06BCA0112BCFE61F001A3E27 /* Item.swift */; };
		06BCA0142BCFE621001A3E27 /* Assets.xcassets in Resources */ = {isa = PBXBuildFile; fileRef = 06BCA0132BCFE621001A3E27 /* Assets.xcassets */; };
		06BCA0172BCFE621001A3E27 /* Preview Assets.xcassets in Resources */ = {isa = PBXBuildFile; fileRef = 06BCA0162BCFE621001A3E27 /* Preview Assets.xcassets */; };
		06BCA0212BCFE621001A3E27 /* Movie_BuffTests.swift in Sources */ = {isa = PBXBuildFile; fileRef = 06BCA0202BCFE621001A3E27 /* Movie_BuffTests.swift */; };
		06BCA02B2BCFE621001A3E27 /* Movie_BuffUITests.swift in Sources */ = {isa = PBXBuildFile; fileRef = 06BCA02A2BCFE621001A3E27 /* Movie_BuffUITests.swift */; };
		06BCA02D2BCFE621001A3E27 /* Movie_BuffUITestsLaunchTests.swift in Sources */ = {isa = PBXBuildFile; fileRef = 06BCA02C2BCFE621001A3E27 /* Movie_BuffUITestsLaunchTests.swift */; };
/* End PBXBuildFile section */

/* Begin PBXContainerItemProxy section */
		06BCA01D2BCFE621001A3E27 /* PBXContainerItemProxy */ = {
			isa = PBXContainerItemProxy;
			containerPortal = 06BCA0022BCFE61F001A3E27 /* Project object */;
			proxyType = 1;
			remoteGlobalIDString = 06BCA0092BCFE61F001A3E27;
			remoteInfo = "Movie-Buff";
		};
		06BCA0272BCFE621001A3E27 /* PBXContainerItemProxy */ = {
			isa = PBXContainerItemProxy;
			containerPortal = 06BCA0022BCFE61F001A3E27 /* Project object */;
			proxyType = 1;
			remoteGlobalIDString = 06BCA0092BCFE61F001A3E27;
			remoteInfo = "Movie-Buff";
		};
/* End PBXContainerItemProxy section */

/* Begin PBXFileReference section */
		06BCA00A2BCFE61F001A3E27 /* Movie-Buff.app */ = {isa = PBXFileReference; explicitFileType = wrapper.application; includeInIndex = 0; path = "Movie-Buff.app"; sourceTree = BUILT_PRODUCTS_DIR; };
		06BCA00D2BCFE61F001A3E27 /* Movie_BuffApp.swift */ = {isa = PBXFileReference; lastKnownFileType = sourcecode.swift; path = Movie_BuffApp.swift; sourceTree = "<group>"; };
		06BCA00F2BCFE61F001A3E27 /* ContentView.swift */ = {isa = PBXFileReference; lastKnownFileType = sourcecode.swift; path = ContentView.swift; sourceTree = "<group>"; };
		06BCA0112BCFE61F001A3E27 /* Item.swift */ = {isa = PBXFileReference; lastKnownFileType = sourcecode.swift; path = Item.swift; sourceTree = "<group>"; };
		06BCA0132BCFE621001A3E27 /* Assets.xcassets */ = {isa = PBXFileReference; lastKnownFileType = folder.assetcatalog; path = Assets.xcassets; sourceTree = "<group>"; };
		06BCA0162BCFE621001A3E27 /* Preview Assets.xcassets */ = {isa = PBXFileReference; lastKnownFileType = folder.assetcatalog; path = "Preview Assets.xcassets"; sourceTree = "<group>"; };
		06BCA01C2BCFE621001A3E27 /* Movie-BuffTests.xctest */ = {isa = PBXFileReference; explicitFileType = wrapper.cfbundle; includeInIndex = 0; path = "Movie-BuffTests.xctest"; sourceTree = BUILT_PRODUCTS_DIR; };
		06BCA0202BCFE621001A3E27 /* Movie_BuffTests.swift */ = {isa = PBXFileReference; lastKnownFileType = sourcecode.swift; path = Movie_BuffTests.swift; sourceTree = "<group>"; };
		06BCA0262BCFE621001A3E27 /* Movie-BuffUITests.xctest */ = {isa = PBXFileReference; explicitFileType = wrapper.cfbundle; includeInIndex = 0; path = "Movie-BuffUITests.xctest"; sourceTree = BUILT_PRODUCTS_DIR; };
		06BCA02A2BCFE621001A3E27 /* Movie_BuffUITests.swift */ = {isa = PBXFileReference; lastKnownFileType = sourcecode.swift; path = Movie_BuffUITests.swift; sourceTree = "<group>"; };
		06BCA02C2BCFE621001A3E27 /* Movie_BuffUITestsLaunchTests.swift */ = {isa = PBXFileReference; lastKnownFileType = sourcecode.swift; path = Movie_BuffUITestsLaunchTests.swift; sourceTree = "<group>"; };
		06BCA03F2BD5DB39001A3E27 /* Info.plist */ = {isa = PBXFileReference; lastKnownFileType = text.plist.xml; path = Info.plist; sourceTree = "<group>"; };
/* End PBXFileReference section */

/* Begin PBXFrameworksBuildPhase section */
		06BCA0072BCFE61F001A3E27 /* Frameworks */ = {
			isa = PBXFrameworksBuildPhase;
			buildActionMask = 2147483647;
			files = (
			);
			runOnlyForDeploymentPostprocessing = 0;
		};
		06BCA0192BCFE621001A3E27 /* Frameworks */ = {
			isa = PBXFrameworksBuildPhase;
			buildActionMask = 2147483647;
			files = (
			);
			runOnlyForDeploymentPostprocessing = 0;
		};
		06BCA0232BCFE621001A3E27 /* Frameworks */ = {
			isa = PBXFrameworksBuildPhase;
			buildActionMask = 2147483647;
			files = (
			);
			runOnlyForDeploymentPostprocessing = 0;
		};
/* End PBXFrameworksBuildPhase section */

/* Begin PBXGroup section */
		06BCA0012BCFE61F001A3E27 = {
			isa = PBXGroup;
			children = (
				06BCA00C2BCFE61F001A3E27 /* Movie-Buff */,
				06BCA01F2BCFE621001A3E27 /* Movie-BuffTests */,
				06BCA0292BCFE621001A3E27 /* Movie-BuffUITests */,
				06BCA00B2BCFE61F001A3E27 /* Products */,
			);
			sourceTree = "<group>";
		};
		06BCA00B2BCFE61F001A3E27 /* Products */ = {
			isa = PBXGroup;
			children = (
				06BCA00A2BCFE61F001A3E27 /* Movie-Buff.app */,
				06BCA01C2BCFE621001A3E27 /* Movie-BuffTests.xctest */,
				06BCA0262BCFE621001A3E27 /* Movie-BuffUITests.xctest */,
			);
			name = Products;
			sourceTree = "<group>";
		};
		06BCA00C2BCFE61F001A3E27 /* Movie-Buff */ = {
			isa = PBXGroup;
			children = (
				06BCA0392BCFE655001A3E27 /* App */,
				06BCA0132BCFE621001A3E27 /* Assets.xcassets */,
				06BCA0112BCFE61F001A3E27 /* Item.swift */,
				06BCA03B2BCFE681001A3E27 /* Models */,
				06BCA0152BCFE621001A3E27 /* Preview Content */,
				06BCA03A2BCFE670001A3E27 /* Views */,
			);
			path = "Movie-Buff";
			sourceTree = "<group>";
		};
		06BCA0152BCFE621001A3E27 /* Preview Content */ = {
			isa = PBXGroup;
			children = (
				06BCA0162BCFE621001A3E27 /* Preview Assets.xcassets */,
			);
			path = "Preview Content";
			sourceTree = "<group>";
		};
		06BCA01F2BCFE621001A3E27 /* Movie-BuffTests */ = {
			isa = PBXGroup;
			children = (
				06BCA0202BCFE621001A3E27 /* Movie_BuffTests.swift */,
			);
			path = "Movie-BuffTests";
			sourceTree = "<group>";
		};
		06BCA0292BCFE621001A3E27 /* Movie-BuffUITests */ = {
			isa = PBXGroup;
			children = (
				06BCA02A2BCFE621001A3E27 /* Movie_BuffUITests.swift */,
				06BCA02C2BCFE621001A3E27 /* Movie_BuffUITestsLaunchTests.swift */,
			);
			path = "Movie-BuffUITests";
			sourceTree = "<group>";
		};
		06BCA0392BCFE655001A3E27 /* App */ = {
			isa = PBXGroup;
			children = (
				06BCA00D2BCFE61F001A3E27 /* Movie_BuffApp.swift */,
				06BCA03F2BD5DB39001A3E27 /* Info.plist */,
			);
			path = App;
			sourceTree = "<group>";
		};
		06BCA03A2BCFE670001A3E27 /* Views */ = {
			isa = PBXGroup;
			children = (
				06BCA00F2BCFE61F001A3E27 /* ContentView.swift */,
			);
			path = Views;
			sourceTree = "<group>";
		};
		06BCA03B2BCFE681001A3E27 /* Models */ = {
			isa = PBXGroup;
			children = (
			);
			path = Models;
			sourceTree = "<group>";
		};
/* End PBXGroup section */

/* Begin PBXNativeTarget section */
		06BCA0092BCFE61F001A3E27 /* Movie-Buff */ = {
			isa = PBXNativeTarget;
			buildConfigurationList = 06BCA0302BCFE621001A3E27 /* Build configuration list for PBXNativeTarget "Movie-Buff" */;
			buildPhases = (
				06BCA0062BCFE61F001A3E27 /* Sources */,
				06BCA0072BCFE61F001A3E27 /* Frameworks */,
				06BCA0082BCFE61F001A3E27 /* Resources */,
				06BCA03E2BD5CFF4001A3E27 /* ShellScript */,
			);
			buildRules = (
			);
			dependencies = (
			);
			name = "Movie-Buff";
			productName = "Movie-Buff";
			productReference = 06BCA00A2BCFE61F001A3E27 /* Movie-Buff.app */;
			productType = "com.apple.product-type.application";
		};
		06BCA01B2BCFE621001A3E27 /* Movie-BuffTests */ = {
			isa = PBXNativeTarget;
			buildConfigurationList = 06BCA0332BCFE621001A3E27 /* Build configuration list for PBXNativeTarget "Movie-BuffTests" */;
			buildPhases = (
				06BCA0182BCFE621001A3E27 /* Sources */,
				06BCA0192BCFE621001A3E27 /* Frameworks */,
				06BCA01A2BCFE621001A3E27 /* Resources */,
			);
			buildRules = (
			);
			dependencies = (
				06BCA01E2BCFE621001A3E27 /* PBXTargetDependency */,
			);
			name = "Movie-BuffTests";
			productName = "Movie-BuffTests";
			productReference = 06BCA01C2BCFE621001A3E27 /* Movie-BuffTests.xctest */;
			productType = "com.apple.product-type.bundle.unit-test";
		};
		06BCA0252BCFE621001A3E27 /* Movie-BuffUITests */ = {
			isa = PBXNativeTarget;
			buildConfigurationList = 06BCA0362BCFE621001A3E27 /* Build configuration list for PBXNativeTarget "Movie-BuffUITests" */;
			buildPhases = (
				06BCA0222BCFE621001A3E27 /* Sources */,
				06BCA0232BCFE621001A3E27 /* Frameworks */,
				06BCA0242BCFE621001A3E27 /* Resources */,
			);
			buildRules = (
			);
			dependencies = (
				06BCA0282BCFE621001A3E27 /* PBXTargetDependency */,
			);
			name = "Movie-BuffUITests";
			productName = "Movie-BuffUITests";
			productReference = 06BCA0262BCFE621001A3E27 /* Movie-BuffUITests.xctest */;
			productType = "com.apple.product-type.bundle.ui-testing";
		};
/* End PBXNativeTarget section */

/* Begin PBXProject section */
		06BCA0022BCFE61F001A3E27 /* Project object */ = {
			isa = PBXProject;
			attributes = {
				BuildIndependentTargetsInParallel = 1;
				LastSwiftUpdateCheck = 1530;
				LastUpgradeCheck = 1530;
				TargetAttributes = {
					06BCA0092BCFE61F001A3E27 = {
						CreatedOnToolsVersion = 15.3;
					};
					06BCA01B2BCFE621001A3E27 = {
						CreatedOnToolsVersion = 15.3;
						TestTargetID = 06BCA0092BCFE61F001A3E27;
					};
					06BCA0252BCFE621001A3E27 = {
						CreatedOnToolsVersion = 15.3;
						TestTargetID = 06BCA0092BCFE61F001A3E27;
					};
				};
			};
			buildConfigurationList = 06BCA0052BCFE61F001A3E27 /* Build configuration list for PBXProject "Movie-Buff" */;
			compatibilityVersion = "Xcode 14.0";
			developmentRegion = en;
			hasScannedForEncodings = 0;
			knownRegions = (
				en,
				Base,
			);
			mainGroup = 06BCA0012BCFE61F001A3E27;
			productRefGroup = 06BCA00B2BCFE61F001A3E27 /* Products */;
			projectDirPath = "";
			projectRoot = "";
			targets = (
				06BCA0092BCFE61F001A3E27 /* Movie-Buff */,
				06BCA01B2BCFE621001A3E27 /* Movie-BuffTests */,
				06BCA0252BCFE621001A3E27 /* Movie-BuffUITests */,
			);
		};
/* End PBXProject section */

/* Begin PBXResourcesBuildPhase section */
		06BCA0082BCFE61F001A3E27 /* Resources */ = {
			isa = PBXResourcesBuildPhase;
			buildActionMask = 2147483647;
			files = (
				06BCA0172BCFE621001A3E27 /* Preview Assets.xcassets in Resources */,
				06BCA0142BCFE621001A3E27 /* Assets.xcassets in Resources */,
			);
			runOnlyForDeploymentPostprocessing = 0;
		};
		06BCA01A2BCFE621001A3E27 /* Resources */ = {
			isa = PBXResourcesBuildPhase;
			buildActionMask = 2147483647;
			files = (
			);
			runOnlyForDeploymentPostprocessing = 0;
		};
		06BCA0242BCFE621001A3E27 /* Resources */ = {
			isa = PBXResourcesBuildPhase;
			buildActionMask = 2147483647;
			files = (
			);
			runOnlyForDeploymentPostprocessing = 0;
		};
/* End PBXResourcesBuildPhase section */

/* Begin PBXShellScriptBuildPhase section */
		06BCA03E2BD5CFF4001A3E27 /* ShellScript */ = {
			isa = PBXShellScriptBuildPhase;
			buildActionMask = 2147483647;
			files = (
			);
			inputFileListPaths = (
			);
			inputPaths = (
			);
			outputFileListPaths = (
			);
			outputPaths = (
			);
			runOnlyForDeploymentPostprocessing = 0;
			shellPath = /bin/sh;
			shellScript = "# Type a script or drag a script file from your workspace to insert its path.\nif [[ \"$(uname -m)\" == arm64 ]]; then\n export PATH=\"/opt/homebrew/bin:$PATH\"\nfi\nif which swiftlint >/dev/null; then\n    swiftlint\nelse\n    echo \"warning: Swiftlint not installed\"\nfi\n";
		};
/* End PBXShellScriptBuildPhase section */

/* Begin PBXSourcesBuildPhase section */
		06BCA0062BCFE61F001A3E27 /* Sources */ = {
			isa = PBXSourcesBuildPhase;
			buildActionMask = 2147483647;
			files = (
				06BCA0102BCFE61F001A3E27 /* ContentView.swift in Sources */,
				06BCA0122BCFE61F001A3E27 /* Item.swift in Sources */,
				06BCA00E2BCFE61F001A3E27 /* Movie_BuffApp.swift in Sources */,
			);
			runOnlyForDeploymentPostprocessing = 0;
		};
		06BCA0182BCFE621001A3E27 /* Sources */ = {
			isa = PBXSourcesBuildPhase;
			buildActionMask = 2147483647;
			files = (
				06BCA0212BCFE621001A3E27 /* Movie_BuffTests.swift in Sources */,
			);
			runOnlyForDeploymentPostprocessing = 0;
		};
		06BCA0222BCFE621001A3E27 /* Sources */ = {
			isa = PBXSourcesBuildPhase;
			buildActionMask = 2147483647;
			files = (
				06BCA02D2BCFE621001A3E27 /* Movie_BuffUITestsLaunchTests.swift in Sources */,
				06BCA02B2BCFE621001A3E27 /* Movie_BuffUITests.swift in Sources */,
			);
			runOnlyForDeploymentPostprocessing = 0;
		};
/* End PBXSourcesBuildPhase section */

/* Begin PBXTargetDependency section */
		06BCA01E2BCFE621001A3E27 /* PBXTargetDependency */ = {
			isa = PBXTargetDependency;
			target = 06BCA0092BCFE61F001A3E27 /* Movie-Buff */;
			targetProxy = 06BCA01D2BCFE621001A3E27 /* PBXContainerItemProxy */;
		};
		06BCA0282BCFE621001A3E27 /* PBXTargetDependency */ = {
			isa = PBXTargetDependency;
			target = 06BCA0092BCFE61F001A3E27 /* Movie-Buff */;
			targetProxy = 06BCA0272BCFE621001A3E27 /* PBXContainerItemProxy */;
		};
/* End PBXTargetDependency section */

/* Begin XCBuildConfiguration section */
		06BCA02E2BCFE621001A3E27 /* Debug */ = {
			isa = XCBuildConfiguration;
			buildSettings = {
				ALWAYS_SEARCH_USER_PATHS = NO;
				ASSETCATALOG_COMPILER_GENERATE_SWIFT_ASSET_SYMBOL_EXTENSIONS = YES;
				CLANG_ANALYZER_NONNULL = YES;
				CLANG_ANALYZER_NUMBER_OBJECT_CONVERSION = YES_AGGRESSIVE;
				CLANG_CXX_LANGUAGE_STANDARD = "gnu++20";
				CLANG_ENABLE_MODULES = YES;
				CLANG_ENABLE_OBJC_ARC = YES;
				CLANG_ENABLE_OBJC_WEAK = YES;
				CLANG_WARN_BLOCK_CAPTURE_AUTORELEASING = YES;
				CLANG_WARN_BOOL_CONVERSION = YES;
				CLANG_WARN_COMMA = YES;
				CLANG_WARN_CONSTANT_CONVERSION = YES;
				CLANG_WARN_DEPRECATED_OBJC_IMPLEMENTATIONS = YES;
				CLANG_WARN_DIRECT_OBJC_ISA_USAGE = YES_ERROR;
				CLANG_WARN_DOCUMENTATION_COMMENTS = YES;
				CLANG_WARN_EMPTY_BODY = YES;
				CLANG_WARN_ENUM_CONVERSION = YES;
				CLANG_WARN_INFINITE_RECURSION = YES;
				CLANG_WARN_INT_CONVERSION = YES;
				CLANG_WARN_NON_LITERAL_NULL_CONVERSION = YES;
				CLANG_WARN_OBJC_IMPLICIT_RETAIN_SELF = YES;
				CLANG_WARN_OBJC_LITERAL_CONVERSION = YES;
				CLANG_WARN_OBJC_ROOT_CLASS = YES_ERROR;
				CLANG_WARN_QUOTED_INCLUDE_IN_FRAMEWORK_HEADER = YES;
				CLANG_WARN_RANGE_LOOP_ANALYSIS = YES;
				CLANG_WARN_STRICT_PROTOTYPES = YES;
				CLANG_WARN_SUSPICIOUS_MOVE = YES;
				CLANG_WARN_UNGUARDED_AVAILABILITY = YES_AGGRESSIVE;
				CLANG_WARN_UNREACHABLE_CODE = YES;
				CLANG_WARN__DUPLICATE_METHOD_MATCH = YES;
				COPY_PHASE_STRIP = NO;
				DEBUG_INFORMATION_FORMAT = dwarf;
				ENABLE_STRICT_OBJC_MSGSEND = YES;
				ENABLE_TESTABILITY = YES;
				ENABLE_USER_SCRIPT_SANDBOXING = NO;
				GCC_C_LANGUAGE_STANDARD = gnu17;
				GCC_DYNAMIC_NO_PIC = NO;
				GCC_NO_COMMON_BLOCKS = YES;
				GCC_OPTIMIZATION_LEVEL = 0;
				GCC_PREPROCESSOR_DEFINITIONS = (
					"DEBUG=1",
					"$(inherited)",
				);
				GCC_WARN_64_TO_32_BIT_CONVERSION = YES;
				GCC_WARN_ABOUT_RETURN_TYPE = YES_ERROR;
				GCC_WARN_UNDECLARED_SELECTOR = YES;
				GCC_WARN_UNINITIALIZED_AUTOS = YES_AGGRESSIVE;
				GCC_WARN_UNUSED_FUNCTION = YES;
				GCC_WARN_UNUSED_VARIABLE = YES;
				IPHONEOS_DEPLOYMENT_TARGET = 17.0;
				LOCALIZATION_PREFERS_STRING_CATALOGS = YES;
				MTL_ENABLE_DEBUG_INFO = INCLUDE_SOURCE;
				MTL_FAST_MATH = YES;
				ONLY_ACTIVE_ARCH = YES;
				SDKROOT = iphoneos;
				SWIFT_ACTIVE_COMPILATION_CONDITIONS = "DEBUG $(inherited)";
				SWIFT_OPTIMIZATION_LEVEL = "-Onone";
			};
			name = Debug;
		};
		06BCA02F2BCFE621001A3E27 /* Release */ = {
			isa = XCBuildConfiguration;
			buildSettings = {
				ALWAYS_SEARCH_USER_PATHS = NO;
				ASSETCATALOG_COMPILER_GENERATE_SWIFT_ASSET_SYMBOL_EXTENSIONS = YES;
				CLANG_ANALYZER_NONNULL = YES;
				CLANG_ANALYZER_NUMBER_OBJECT_CONVERSION = YES_AGGRESSIVE;
				CLANG_CXX_LANGUAGE_STANDARD = "gnu++20";
				CLANG_ENABLE_MODULES = YES;
				CLANG_ENABLE_OBJC_ARC = YES;
				CLANG_ENABLE_OBJC_WEAK = YES;
				CLANG_WARN_BLOCK_CAPTURE_AUTORELEASING = YES;
				CLANG_WARN_BOOL_CONVERSION = YES;
				CLANG_WARN_COMMA = YES;
				CLANG_WARN_CONSTANT_CONVERSION = YES;
				CLANG_WARN_DEPRECATED_OBJC_IMPLEMENTATIONS = YES;
				CLANG_WARN_DIRECT_OBJC_ISA_USAGE = YES_ERROR;
				CLANG_WARN_DOCUMENTATION_COMMENTS = YES;
				CLANG_WARN_EMPTY_BODY = YES;
				CLANG_WARN_ENUM_CONVERSION = YES;
				CLANG_WARN_INFINITE_RECURSION = YES;
				CLANG_WARN_INT_CONVERSION = YES;
				CLANG_WARN_NON_LITERAL_NULL_CONVERSION = YES;
				CLANG_WARN_OBJC_IMPLICIT_RETAIN_SELF = YES;
				CLANG_WARN_OBJC_LITERAL_CONVERSION = YES;
				CLANG_WARN_OBJC_ROOT_CLASS = YES_ERROR;
				CLANG_WARN_QUOTED_INCLUDE_IN_FRAMEWORK_HEADER = YES;
				CLANG_WARN_RANGE_LOOP_ANALYSIS = YES;
				CLANG_WARN_STRICT_PROTOTYPES = YES;
				CLANG_WARN_SUSPICIOUS_MOVE = YES;
				CLANG_WARN_UNGUARDED_AVAILABILITY = YES_AGGRESSIVE;
				CLANG_WARN_UNREACHABLE_CODE = YES;
				CLANG_WARN__DUPLICATE_METHOD_MATCH = YES;
				COPY_PHASE_STRIP = NO;
				DEBUG_INFORMATION_FORMAT = "dwarf-with-dsym";
				ENABLE_NS_ASSERTIONS = NO;
				ENABLE_STRICT_OBJC_MSGSEND = YES;
				ENABLE_USER_SCRIPT_SANDBOXING = NO;
				GCC_C_LANGUAGE_STANDARD = gnu17;
				GCC_NO_COMMON_BLOCKS = YES;
				GCC_WARN_64_TO_32_BIT_CONVERSION = YES;
				GCC_WARN_ABOUT_RETURN_TYPE = YES_ERROR;
				GCC_WARN_UNDECLARED_SELECTOR = YES;
				GCC_WARN_UNINITIALIZED_AUTOS = YES_AGGRESSIVE;
				GCC_WARN_UNUSED_FUNCTION = YES;
				GCC_WARN_UNUSED_VARIABLE = YES;
				IPHONEOS_DEPLOYMENT_TARGET = 17.0;
				LOCALIZATION_PREFERS_STRING_CATALOGS = YES;
				MTL_ENABLE_DEBUG_INFO = NO;
				MTL_FAST_MATH = YES;
				ONLY_ACTIVE_ARCH = NO;
				SDKROOT = iphoneos;
				SWIFT_COMPILATION_MODE = wholemodule;
				VALIDATE_PRODUCT = YES;
			};
			name = Release;
		};
		06BCA0312BCFE621001A3E27 /* Debug */ = {
			isa = XCBuildConfiguration;
			buildSettings = {
				ASSETCATALOG_COMPILER_APPICON_NAME = AppIcon;
				ASSETCATALOG_COMPILER_GLOBAL_ACCENT_COLOR_NAME = AccentColor;
				CODE_SIGN_STYLE = Automatic;
				CURRENT_PROJECT_VERSION = 1;
				DEVELOPMENT_ASSET_PATHS = "\"Movie-Buff/Preview Content\"";
				DEVELOPMENT_TEAM = M7DLEYBF3T;
				ENABLE_PREVIEWS = YES;
				GENERATE_INFOPLIST_FILE = YES;
				INFOPLIST_KEY_CFBundleDisplayName = "Movie Buff";
				INFOPLIST_KEY_LSApplicationCategoryType = "public.app-category.entertainment";
				INFOPLIST_KEY_UIApplicationSceneManifest_Generation = YES;
				INFOPLIST_KEY_UIApplicationSupportsIndirectInputEvents = YES;
				INFOPLIST_KEY_UILaunchScreen_Generation = YES;
				INFOPLIST_KEY_UISupportedInterfaceOrientations_iPad = "UIInterfaceOrientationPortrait UIInterfaceOrientationPortraitUpsideDown UIInterfaceOrientationLandscapeLeft UIInterfaceOrientationLandscapeRight";
				INFOPLIST_KEY_UISupportedInterfaceOrientations_iPhone = "UIInterfaceOrientationPortrait UIInterfaceOrientationLandscapeLeft UIInterfaceOrientationLandscapeRight";
				IPHONEOS_DEPLOYMENT_TARGET = 17.0;
				LD_RUNPATH_SEARCH_PATHS = (
					"$(inherited)",
					"@executable_path/Frameworks",
				);
				MARKETING_VERSION = 1.0;
				PRODUCT_BUNDLE_IDENTIFIER = "com.mohak.Movie-Buff";
				PRODUCT_NAME = "$(TARGET_NAME)";
				SUPPORTED_PLATFORMS = "iphoneos iphonesimulator";
				SUPPORTS_MACCATALYST = NO;
				SUPPORTS_MAC_DESIGNED_FOR_IPHONE_IPAD = NO;
				SUPPORTS_XR_DESIGNED_FOR_IPHONE_IPAD = NO;
				SWIFT_EMIT_LOC_STRINGS = YES;
				SWIFT_VERSION = 5.0;
				TARGETED_DEVICE_FAMILY = 1;
			};
			name = Debug;
		};
		06BCA0322BCFE621001A3E27 /* Release */ = {
			isa = XCBuildConfiguration;
			buildSettings = {
				ASSETCATALOG_COMPILER_APPICON_NAME = AppIcon;
				ASSETCATALOG_COMPILER_GLOBAL_ACCENT_COLOR_NAME = AccentColor;
				CODE_SIGN_STYLE = Automatic;
				CURRENT_PROJECT_VERSION = 1;
				DEVELOPMENT_ASSET_PATHS = "\"Movie-Buff/Preview Content\"";
				DEVELOPMENT_TEAM = M7DLEYBF3T;
				ENABLE_PREVIEWS = YES;
				GENERATE_INFOPLIST_FILE = YES;
				INFOPLIST_KEY_CFBundleDisplayName = "Movie Buff";
				INFOPLIST_KEY_LSApplicationCategoryType = "public.app-category.entertainment";
				INFOPLIST_KEY_UIApplicationSceneManifest_Generation = YES;
				INFOPLIST_KEY_UIApplicationSupportsIndirectInputEvents = YES;
				INFOPLIST_KEY_UILaunchScreen_Generation = YES;
				INFOPLIST_KEY_UISupportedInterfaceOrientations_iPad = "UIInterfaceOrientationPortrait UIInterfaceOrientationPortraitUpsideDown UIInterfaceOrientationLandscapeLeft UIInterfaceOrientationLandscapeRight";
				INFOPLIST_KEY_UISupportedInterfaceOrientations_iPhone = "UIInterfaceOrientationPortrait UIInterfaceOrientationLandscapeLeft UIInterfaceOrientationLandscapeRight";
				IPHONEOS_DEPLOYMENT_TARGET = 17.0;
				LD_RUNPATH_SEARCH_PATHS = (
					"$(inherited)",
					"@executable_path/Frameworks",
				);
				MARKETING_VERSION = 1.0;
				PRODUCT_BUNDLE_IDENTIFIER = "com.mohak.Movie-Buff";
				PRODUCT_NAME = "$(TARGET_NAME)";
				SUPPORTED_PLATFORMS = "iphoneos iphonesimulator";
				SUPPORTS_MACCATALYST = NO;
				SUPPORTS_MAC_DESIGNED_FOR_IPHONE_IPAD = NO;
				SUPPORTS_XR_DESIGNED_FOR_IPHONE_IPAD = NO;
				SWIFT_EMIT_LOC_STRINGS = YES;
				SWIFT_VERSION = 5.0;
				TARGETED_DEVICE_FAMILY = 1;
			};
			name = Release;
		};
		06BCA0342BCFE621001A3E27 /* Debug */ = {
			isa = XCBuildConfiguration;
			buildSettings = {
				ALWAYS_EMBED_SWIFT_STANDARD_LIBRARIES = YES;
				BUNDLE_LOADER = "$(TEST_HOST)";
				CODE_SIGN_STYLE = Automatic;
				CURRENT_PROJECT_VERSION = 1;
				DEVELOPMENT_TEAM = M7DLEYBF3T;
				GENERATE_INFOPLIST_FILE = YES;
				IPHONEOS_DEPLOYMENT_TARGET = 17.4;
				MARKETING_VERSION = 1.0;
				PRODUCT_BUNDLE_IDENTIFIER = "com.mohak.Movie-BuffTests";
				PRODUCT_NAME = "$(TARGET_NAME)";
				SWIFT_EMIT_LOC_STRINGS = NO;
				SWIFT_VERSION = 5.0;
				TARGETED_DEVICE_FAMILY = "1,2";
				TEST_HOST = "$(BUILT_PRODUCTS_DIR)/Movie-Buff.app/$(BUNDLE_EXECUTABLE_FOLDER_PATH)/Movie-Buff";
			};
			name = Debug;
		};
		06BCA0352BCFE621001A3E27 /* Release */ = {
			isa = XCBuildConfiguration;
			buildSettings = {
				ALWAYS_EMBED_SWIFT_STANDARD_LIBRARIES = YES;
				BUNDLE_LOADER = "$(TEST_HOST)";
				CODE_SIGN_STYLE = Automatic;
				CURRENT_PROJECT_VERSION = 1;
				DEVELOPMENT_TEAM = M7DLEYBF3T;
				GENERATE_INFOPLIST_FILE = YES;
				IPHONEOS_DEPLOYMENT_TARGET = 17.4;
				MARKETING_VERSION = 1.0;
				PRODUCT_BUNDLE_IDENTIFIER = "com.mohak.Movie-BuffTests";
				PRODUCT_NAME = "$(TARGET_NAME)";
				SWIFT_EMIT_LOC_STRINGS = NO;
				SWIFT_VERSION = 5.0;
				TARGETED_DEVICE_FAMILY = "1,2";
				TEST_HOST = "$(BUILT_PRODUCTS_DIR)/Movie-Buff.app/$(BUNDLE_EXECUTABLE_FOLDER_PATH)/Movie-Buff";
			};
			name = Release;
		};
		06BCA0372BCFE621001A3E27 /* Debug */ = {
			isa = XCBuildConfiguration;
			buildSettings = {
				ALWAYS_EMBED_SWIFT_STANDARD_LIBRARIES = YES;
				CODE_SIGN_STYLE = Automatic;
				CURRENT_PROJECT_VERSION = 1;
				DEVELOPMENT_TEAM = M7DLEYBF3T;
				GENERATE_INFOPLIST_FILE = YES;
				MARKETING_VERSION = 1.0;
				PRODUCT_BUNDLE_IDENTIFIER = "com.mohak.Movie-BuffUITests";
				PRODUCT_NAME = "$(TARGET_NAME)";
				SWIFT_EMIT_LOC_STRINGS = NO;
				SWIFT_VERSION = 5.0;
				TARGETED_DEVICE_FAMILY = "1,2";
				TEST_TARGET_NAME = "Movie-Buff";
			};
			name = Debug;
		};
		06BCA0382BCFE621001A3E27 /* Release */ = {
			isa = XCBuildConfiguration;
			buildSettings = {
				ALWAYS_EMBED_SWIFT_STANDARD_LIBRARIES = YES;
				CODE_SIGN_STYLE = Automatic;
				CURRENT_PROJECT_VERSION = 1;
				DEVELOPMENT_TEAM = M7DLEYBF3T;
				GENERATE_INFOPLIST_FILE = YES;
				MARKETING_VERSION = 1.0;
				PRODUCT_BUNDLE_IDENTIFIER = "com.mohak.Movie-BuffUITests";
				PRODUCT_NAME = "$(TARGET_NAME)";
				SWIFT_EMIT_LOC_STRINGS = NO;
				SWIFT_VERSION = 5.0;
				TARGETED_DEVICE_FAMILY = "1,2";
				TEST_TARGET_NAME = "Movie-Buff";
			};
			name = Release;
		};
/* End XCBuildConfiguration section */

/* Begin XCConfigurationList section */
		06BCA0052BCFE61F001A3E27 /* Build configuration list for PBXProject "Movie-Buff" */ = {
			isa = XCConfigurationList;
			buildConfigurations = (
				06BCA02E2BCFE621001A3E27 /* Debug */,
				06BCA02F2BCFE621001A3E27 /* Release */,
			);
			defaultConfigurationIsVisible = 0;
			defaultConfigurationName = Release;
		};
		06BCA0302BCFE621001A3E27 /* Build configuration list for PBXNativeTarget "Movie-Buff" */ = {
			isa = XCConfigurationList;
			buildConfigurations = (
				06BCA0312BCFE621001A3E27 /* Debug */,
				06BCA0322BCFE621001A3E27 /* Release */,
			);
			defaultConfigurationIsVisible = 0;
			defaultConfigurationName = Release;
		};
		06BCA0332BCFE621001A3E27 /* Build configuration list for PBXNativeTarget "Movie-BuffTests" */ = {
			isa = XCConfigurationList;
			buildConfigurations = (
				06BCA0342BCFE621001A3E27 /* Debug */,
				06BCA0352BCFE621001A3E27 /* Release */,
			);
			defaultConfigurationIsVisible = 0;
			defaultConfigurationName = Release;
		};
		06BCA0362BCFE621001A3E27 /* Build configuration list for PBXNativeTarget "Movie-BuffUITests" */ = {
			isa = XCConfigurationList;
			buildConfigurations = (
				06BCA0372BCFE621001A3E27 /* Debug */,
				06BCA0382BCFE621001A3E27 /* Release */,
			);
			defaultConfigurationIsVisible = 0;
			defaultConfigurationName = Release;
		};
/* End XCConfigurationList section */
	};
	rootObject = 06BCA0022BCFE61F001A3E27 /* Project object */;
}
