// !$*UTF8*$!
{
	archiveVersion = 1;
	classes = {
	};
	objectVersion = 56;
	objects = {

/* Begin PBXBuildFile section */
		0665AC1A2BDC5BF50079E838 /* MainView.swift in Sources */ = {isa = PBXBuildFile; fileRef = 0665AC192BDC5BF50079E838 /* MainView.swift */; };
		0665AC1C2BDC5C400079E838 /* OnboardingView.swift in Sources */ = {isa = PBXBuildFile; fileRef = 0665AC1B2BDC5C400079E838 /* OnboardingView.swift */; };
		0665AC212BDC5DB10079E838 /* AudioPlayer.swift in Sources */ = {isa = PBXBuildFile; fileRef = 0665AC202BDC5DB10079E838 /* AudioPlayer.swift */; };
		0665AC242BDC5E740079E838 /* netflix.mp3 in Resources */ = {isa = PBXBuildFile; fileRef = 0665AC232BDC5E740079E838 /* netflix.mp3 */; };
		06BCA00E2BCFE61F001A3E27 /* Movie_BuffApp.swift in Sources */ = {isa = PBXBuildFile; fileRef = 06BCA00D2BCFE61F001A3E27 /* Movie_BuffApp.swift */; };
		06BCA0102BCFE61F001A3E27 /* HomeView.swift in Sources */ = {isa = PBXBuildFile; fileRef = 06BCA00F2BCFE61F001A3E27 /* HomeView.swift */; };
		06BCA0142BCFE621001A3E27 /* Assets.xcassets in Resources */ = {isa = PBXBuildFile; fileRef = 06BCA0132BCFE621001A3E27 /* Assets.xcassets */; };
		06BCA0172BCFE621001A3E27 /* Preview Assets.xcassets in Resources */ = {isa = PBXBuildFile; fileRef = 06BCA0162BCFE621001A3E27 /* Preview Assets.xcassets */; };
		06BCA0212BCFE621001A3E27 /* Movie_BuffTests.swift in Sources */ = {isa = PBXBuildFile; fileRef = 06BCA0202BCFE621001A3E27 /* Movie_BuffTests.swift */; };
		06BCA02B2BCFE621001A3E27 /* Movie_BuffUITests.swift in Sources */ = {isa = PBXBuildFile; fileRef = 06BCA02A2BCFE621001A3E27 /* Movie_BuffUITests.swift */; };
		06BCA02D2BCFE621001A3E27 /* Movie_BuffUITestsLaunchTests.swift in Sources */ = {isa = PBXBuildFile; fileRef = 06BCA02C2BCFE621001A3E27 /* Movie_BuffUITestsLaunchTests.swift */; };
		06BCA0412BD6B5B7001A3E27 /* MovieListView.swift in Sources */ = {isa = PBXBuildFile; fileRef = 06BCA0402BD6B5B7001A3E27 /* MovieListView.swift */; };
		06BCA0432BD6B5C8001A3E27 /* ActorListView.swift in Sources */ = {isa = PBXBuildFile; fileRef = 06BCA0422BD6B5C8001A3E27 /* ActorListView.swift */; };
		06BCA0452BD6B5EB001A3E27 /* FavoriteMovieListView.swift in Sources */ = {isa = PBXBuildFile; fileRef = 06BCA0442BD6B5EB001A3E27 /* FavoriteMovieListView.swift */; };
		06BCA0492BD6D444001A3E27 /* Movie.swift in Sources */ = {isa = PBXBuildFile; fileRef = 06BCA0482BD6D444001A3E27 /* Movie.swift */; };
		06BCA04B2BD6D482001A3E27 /* Constants.swift in Sources */ = {isa = PBXBuildFile; fileRef = 06BCA04A2BD6D482001A3E27 /* Constants.swift */; };
		06BCA04E2BD9DA23001A3E27 /* MovieViewModel.swift in Sources */ = {isa = PBXBuildFile; fileRef = 06BCA04D2BD9DA23001A3E27 /* MovieViewModel.swift */; };
		06BCA0502BDA3EA6001A3E27 /* MovieService.swift in Sources */ = {isa = PBXBuildFile; fileRef = 06BCA04F2BDA3EA6001A3E27 /* MovieService.swift */; };
		06BCA0512BDA443A001A3E27 /* tmdb-info.plist in Resources */ = {isa = PBXBuildFile; fileRef = 06BCA03F2BD5DB39001A3E27 /* tmdb-info.plist */; };
		06BCA0532BDA6E20001A3E27 /* BannerImageView.swift in Sources */ = {isa = PBXBuildFile; fileRef = 06BCA0522BDA6E20001A3E27 /* BannerImageView.swift */; };
		06BCA0552BDA6E93001A3E27 /* LinearPoster.swift in Sources */ = {isa = PBXBuildFile; fileRef = 06BCA0542BDA6E93001A3E27 /* LinearPoster.swift */; };
		06BCA0572BDA6F2E001A3E27 /* HorizontalScrollView.swift in Sources */ = {isa = PBXBuildFile; fileRef = 06BCA0562BDA6F2E001A3E27 /* HorizontalScrollView.swift */; };
		06BCA0592BDA6F8C001A3E27 /* TrailingIconLabelStyle.swift in Sources */ = {isa = PBXBuildFile; fileRef = 06BCA0582BDA6F8C001A3E27 /* TrailingIconLabelStyle.swift */; };
		06BCA05B2BDA7001001A3E27 /* AllMovieView.swift in Sources */ = {isa = PBXBuildFile; fileRef = 06BCA05A2BDA7001001A3E27 /* AllMovieView.swift */; };
		06BCA05D2BDA706E001A3E27 /* FlatLinkStyle.swift in Sources */ = {isa = PBXBuildFile; fileRef = 06BCA05C2BDA706E001A3E27 /* FlatLinkStyle.swift */; };
		06BCA05F2BDA70AC001A3E27 /* ContextMenuMovieCell.swift in Sources */ = {isa = PBXBuildFile; fileRef = 06BCA05E2BDA70AC001A3E27 /* ContextMenuMovieCell.swift */; };
		06BCA0612BDA7390001A3E27 /* MovieDetailView.swift in Sources */ = {isa = PBXBuildFile; fileRef = 06BCA0602BDA7390001A3E27 /* MovieDetailView.swift */; };
		06BCA0652BDAB1D2001A3E27 /* SearchButton.swift in Sources */ = {isa = PBXBuildFile; fileRef = 06BCA0642BDAB1D2001A3E27 /* SearchButton.swift */; };
		06BCA0672BDAB249001A3E27 /* SearchResultsView.swift in Sources */ = {isa = PBXBuildFile; fileRef = 06BCA0662BDAB249001A3E27 /* SearchResultsView.swift */; };
		06BCA06A2BDACE1A001A3E27 /* MovieInfoView.swift in Sources */ = {isa = PBXBuildFile; fileRef = 06BCA0692BDACE1A001A3E27 /* MovieInfoView.swift */; };
		06BCA06C2BDACEA5001A3E27 /* MovieDetail.swift in Sources */ = {isa = PBXBuildFile; fileRef = 06BCA06B2BDACEA5001A3E27 /* MovieDetail.swift */; };
		06BCA06E2BDAD4A0001A3E27 /* Genre.swift in Sources */ = {isa = PBXBuildFile; fileRef = 06BCA06D2BDAD4A0001A3E27 /* Genre.swift */; };
		06BCA0702BDAD4B0001A3E27 /* MovieReview.swift in Sources */ = {isa = PBXBuildFile; fileRef = 06BCA06F2BDAD4B0001A3E27 /* MovieReview.swift */; };
		06BCA0722BDAD4CD001A3E27 /* Cast.swift in Sources */ = {isa = PBXBuildFile; fileRef = 06BCA0712BDAD4CD001A3E27 /* Cast.swift */; };
		06BCA0742BDAD4DF001A3E27 /* ActorDetail.swift in Sources */ = {isa = PBXBuildFile; fileRef = 06BCA0732BDAD4DF001A3E27 /* ActorDetail.swift */; };
		06BCA0762BDAD501001A3E27 /* ActorImage.swift in Sources */ = {isa = PBXBuildFile; fileRef = 06BCA0752BDAD501001A3E27 /* ActorImage.swift */; };
		06BCA0782BDAD50F001A3E27 /* TrendingActor.swift in Sources */ = {isa = PBXBuildFile; fileRef = 06BCA0772BDAD50F001A3E27 /* TrendingActor.swift */; };
		06BCA07A2BDAD556001A3E27 /* MovieImage.swift in Sources */ = {isa = PBXBuildFile; fileRef = 06BCA0792BDAD556001A3E27 /* MovieImage.swift */; };
		06BCA07C2BDB173B001A3E27 /* HorizontalScrollCastView.swift in Sources */ = {isa = PBXBuildFile; fileRef = 06BCA07B2BDB173B001A3E27 /* HorizontalScrollCastView.swift */; };
		06BCA07E2BDB1880001A3E27 /* AllCastView.swift in Sources */ = {isa = PBXBuildFile; fileRef = 06BCA07D2BDB1880001A3E27 /* AllCastView.swift */; };
		06BCA0802BDB18FC001A3E27 /* ActorDetailView.swift in Sources */ = {isa = PBXBuildFile; fileRef = 06BCA07F2BDB18FC001A3E27 /* ActorDetailView.swift */; };
		06BCA0822BDB1AEF001A3E27 /* CastMovieCreditsView.swift in Sources */ = {isa = PBXBuildFile; fileRef = 06BCA0812BDB1AEF001A3E27 /* CastMovieCreditsView.swift */; };
		06BCA0842BDB37A1001A3E27 /* ReviewsView.swift in Sources */ = {isa = PBXBuildFile; fileRef = 06BCA0832BDB37A1001A3E27 /* ReviewsView.swift */; };
		06BCA0872BDBC3FA001A3E27 /* MovieItem.swift in Sources */ = {isa = PBXBuildFile; fileRef = 06BCA0862BDBC3FA001A3E27 /* MovieItem.swift */; };
		06BCA0892BDBC7C7001A3E27 /* LikedButton.swift in Sources */ = {isa = PBXBuildFile; fileRef = 06BCA0882BDBC7C7001A3E27 /* LikedButton.swift */; };
/* End PBXBuildFile section */

/* Begin PBXContainerItemProxy section */
		06BCA01D2BCFE621001A3E27 /* PBXContainerItemProxy */ = {
			isa = PBXContainerItemProxy;
			containerPortal = 06BCA0022BCFE61F001A3E27 /* Project object */;
			proxyType = 1;
			remoteGlobalIDString = 06BCA0092BCFE61F001A3E27;
			remoteInfo = "Movie-Buff";
		};
		06BCA0272BCFE621001A3E27 /* PBXContainerItemProxy */ = {
			isa = PBXContainerItemProxy;
			containerPortal = 06BCA0022BCFE61F001A3E27 /* Project object */;
			proxyType = 1;
			remoteGlobalIDString = 06BCA0092BCFE61F001A3E27;
			remoteInfo = "Movie-Buff";
		};
/* End PBXContainerItemProxy section */

/* Begin PBXFileReference section */
		0665AC192BDC5BF50079E838 /* MainView.swift */ = {isa = PBXFileReference; lastKnownFileType = sourcecode.swift; path = MainView.swift; sourceTree = "<group>"; };
		0665AC1B2BDC5C400079E838 /* OnboardingView.swift */ = {isa = PBXFileReference; lastKnownFileType = sourcecode.swift; path = OnboardingView.swift; sourceTree = "<group>"; };
		0665AC202BDC5DB10079E838 /* AudioPlayer.swift */ = {isa = PBXFileReference; lastKnownFileType = sourcecode.swift; path = AudioPlayer.swift; sourceTree = "<group>"; };
		0665AC232BDC5E740079E838 /* netflix.mp3 */ = {isa = PBXFileReference; lastKnownFileType = audio.mp3; path = netflix.mp3; sourceTree = "<group>"; };
		06BCA00A2BCFE61F001A3E27 /* Movie-Buff.app */ = {isa = PBXFileReference; explicitFileType = wrapper.application; includeInIndex = 0; path = "Movie-Buff.app"; sourceTree = BUILT_PRODUCTS_DIR; };
		06BCA00D2BCFE61F001A3E27 /* Movie_BuffApp.swift */ = {isa = PBXFileReference; lastKnownFileType = sourcecode.swift; path = Movie_BuffApp.swift; sourceTree = "<group>"; };
		06BCA00F2BCFE61F001A3E27 /* HomeView.swift */ = {isa = PBXFileReference; lastKnownFileType = sourcecode.swift; path = HomeView.swift; sourceTree = "<group>"; };
		06BCA0132BCFE621001A3E27 /* Assets.xcassets */ = {isa = PBXFileReference; lastKnownFileType = folder.assetcatalog; path = Assets.xcassets; sourceTree = "<group>"; };
		06BCA0162BCFE621001A3E27 /* Preview Assets.xcassets */ = {isa = PBXFileReference; lastKnownFileType = folder.assetcatalog; path = "Preview Assets.xcassets"; sourceTree = "<group>"; };
		06BCA01C2BCFE621001A3E27 /* Movie-BuffTests.xctest */ = {isa = PBXFileReference; explicitFileType = wrapper.cfbundle; includeInIndex = 0; path = "Movie-BuffTests.xctest"; sourceTree = BUILT_PRODUCTS_DIR; };
		06BCA0202BCFE621001A3E27 /* Movie_BuffTests.swift */ = {isa = PBXFileReference; lastKnownFileType = sourcecode.swift; path = Movie_BuffTests.swift; sourceTree = "<group>"; };
		06BCA0262BCFE621001A3E27 /* Movie-BuffUITests.xctest */ = {isa = PBXFileReference; explicitFileType = wrapper.cfbundle; includeInIndex = 0; path = "Movie-BuffUITests.xctest"; sourceTree = BUILT_PRODUCTS_DIR; };
		06BCA02A2BCFE621001A3E27 /* Movie_BuffUITests.swift */ = {isa = PBXFileReference; lastKnownFileType = sourcecode.swift; path = Movie_BuffUITests.swift; sourceTree = "<group>"; };
		06BCA02C2BCFE621001A3E27 /* Movie_BuffUITestsLaunchTests.swift */ = {isa = PBXFileReference; lastKnownFileType = sourcecode.swift; path = Movie_BuffUITestsLaunchTests.swift; sourceTree = "<group>"; };
		06BCA03F2BD5DB39001A3E27 /* tmdb-info.plist */ = {isa = PBXFileReference; lastKnownFileType = text.plist.xml; path = "tmdb-info.plist"; sourceTree = "<group>"; };
		06BCA0402BD6B5B7001A3E27 /* MovieListView.swift */ = {isa = PBXFileReference; lastKnownFileType = sourcecode.swift; path = MovieListView.swift; sourceTree = "<group>"; };
		06BCA0422BD6B5C8001A3E27 /* ActorListView.swift */ = {isa = PBXFileReference; lastKnownFileType = sourcecode.swift; path = ActorListView.swift; sourceTree = "<group>"; };
		06BCA0442BD6B5EB001A3E27 /* FavoriteMovieListView.swift */ = {isa = PBXFileReference; lastKnownFileType = sourcecode.swift; path = FavoriteMovieListView.swift; sourceTree = "<group>"; };
		06BCA0482BD6D444001A3E27 /* Movie.swift */ = {isa = PBXFileReference; lastKnownFileType = sourcecode.swift; path = Movie.swift; sourceTree = "<group>"; };
		06BCA04A2BD6D482001A3E27 /* Constants.swift */ = {isa = PBXFileReference; lastKnownFileType = sourcecode.swift; path = Constants.swift; sourceTree = "<group>"; };
		06BCA04D2BD9DA23001A3E27 /* MovieViewModel.swift */ = {isa = PBXFileReference; lastKnownFileType = sourcecode.swift; path = MovieViewModel.swift; sourceTree = "<group>"; };
		06BCA04F2BDA3EA6001A3E27 /* MovieService.swift */ = {isa = PBXFileReference; lastKnownFileType = sourcecode.swift; path = MovieService.swift; sourceTree = "<group>"; };
		06BCA0522BDA6E20001A3E27 /* BannerImageView.swift */ = {isa = PBXFileReference; lastKnownFileType = sourcecode.swift; path = BannerImageView.swift; sourceTree = "<group>"; };
		06BCA0542BDA6E93001A3E27 /* LinearPoster.swift */ = {isa = PBXFileReference; lastKnownFileType = sourcecode.swift; path = LinearPoster.swift; sourceTree = "<group>"; };
		06BCA0562BDA6F2E001A3E27 /* HorizontalScrollView.swift */ = {isa = PBXFileReference; lastKnownFileType = sourcecode.swift; path = HorizontalScrollView.swift; sourceTree = "<group>"; };
		06BCA0582BDA6F8C001A3E27 /* TrailingIconLabelStyle.swift */ = {isa = PBXFileReference; lastKnownFileType = sourcecode.swift; path = TrailingIconLabelStyle.swift; sourceTree = "<group>"; };
		06BCA05A2BDA7001001A3E27 /* AllMovieView.swift */ = {isa = PBXFileReference; lastKnownFileType = sourcecode.swift; path = AllMovieView.swift; sourceTree = "<group>"; };
		06BCA05C2BDA706E001A3E27 /* FlatLinkStyle.swift */ = {isa = PBXFileReference; lastKnownFileType = sourcecode.swift; path = FlatLinkStyle.swift; sourceTree = "<group>"; };
		06BCA05E2BDA70AC001A3E27 /* ContextMenuMovieCell.swift */ = {isa = PBXFileReference; lastKnownFileType = sourcecode.swift; path = ContextMenuMovieCell.swift; sourceTree = "<group>"; };
		06BCA0602BDA7390001A3E27 /* MovieDetailView.swift */ = {isa = PBXFileReference; lastKnownFileType = sourcecode.swift; path = MovieDetailView.swift; sourceTree = "<group>"; };
		06BCA0642BDAB1D2001A3E27 /* SearchButton.swift */ = {isa = PBXFileReference; lastKnownFileType = sourcecode.swift; path = SearchButton.swift; sourceTree = "<group>"; };
		06BCA0662BDAB249001A3E27 /* SearchResultsView.swift */ = {isa = PBXFileReference; lastKnownFileType = sourcecode.swift; path = SearchResultsView.swift; sourceTree = "<group>"; };
		06BCA0692BDACE1A001A3E27 /* MovieInfoView.swift */ = {isa = PBXFileReference; lastKnownFileType = sourcecode.swift; path = MovieInfoView.swift; sourceTree = "<group>"; };
		06BCA06B2BDACEA5001A3E27 /* MovieDetail.swift */ = {isa = PBXFileReference; lastKnownFileType = sourcecode.swift; path = MovieDetail.swift; sourceTree = "<group>"; };
		06BCA06D2BDAD4A0001A3E27 /* Genre.swift */ = {isa = PBXFileReference; lastKnownFileType = sourcecode.swift; path = Genre.swift; sourceTree = "<group>"; };
		06BCA06F2BDAD4B0001A3E27 /* MovieReview.swift */ = {isa = PBXFileReference; lastKnownFileType = sourcecode.swift; path = MovieReview.swift; sourceTree = "<group>"; };
		06BCA0712BDAD4CD001A3E27 /* Cast.swift */ = {isa = PBXFileReference; lastKnownFileType = sourcecode.swift; path = Cast.swift; sourceTree = "<group>"; };
		06BCA0732BDAD4DF001A3E27 /* ActorDetail.swift */ = {isa = PBXFileReference; lastKnownFileType = sourcecode.swift; path = ActorDetail.swift; sourceTree = "<group>"; };
		06BCA0752BDAD501001A3E27 /* ActorImage.swift */ = {isa = PBXFileReference; lastKnownFileType = sourcecode.swift; path = ActorImage.swift; sourceTree = "<group>"; };
		06BCA0772BDAD50F001A3E27 /* TrendingActor.swift */ = {isa = PBXFileReference; lastKnownFileType = sourcecode.swift; path = TrendingActor.swift; sourceTree = "<group>"; };
		06BCA0792BDAD556001A3E27 /* MovieImage.swift */ = {isa = PBXFileReference; lastKnownFileType = sourcecode.swift; path = MovieImage.swift; sourceTree = "<group>"; };
		06BCA07B2BDB173B001A3E27 /* HorizontalScrollCastView.swift */ = {isa = PBXFileReference; lastKnownFileType = sourcecode.swift; path = HorizontalScrollCastView.swift; sourceTree = "<group>"; };
		06BCA07D2BDB1880001A3E27 /* AllCastView.swift */ = {isa = PBXFileReference; lastKnownFileType = sourcecode.swift; path = AllCastView.swift; sourceTree = "<group>"; };
		06BCA07F2BDB18FC001A3E27 /* ActorDetailView.swift */ = {isa = PBXFileReference; lastKnownFileType = sourcecode.swift; path = ActorDetailView.swift; sourceTree = "<group>"; };
		06BCA0812BDB1AEF001A3E27 /* CastMovieCreditsView.swift */ = {isa = PBXFileReference; lastKnownFileType = sourcecode.swift; path = CastMovieCreditsView.swift; sourceTree = "<group>"; };
		06BCA0832BDB37A1001A3E27 /* ReviewsView.swift */ = {isa = PBXFileReference; lastKnownFileType = sourcecode.swift; path = ReviewsView.swift; sourceTree = "<group>"; };
		06BCA0862BDBC3FA001A3E27 /* MovieItem.swift */ = {isa = PBXFileReference; lastKnownFileType = sourcecode.swift; path = MovieItem.swift; sourceTree = "<group>"; };
		06BCA0882BDBC7C7001A3E27 /* LikedButton.swift */ = {isa = PBXFileReference; lastKnownFileType = sourcecode.swift; path = LikedButton.swift; sourceTree = "<group>"; };
/* End PBXFileReference section */

/* Begin PBXFrameworksBuildPhase section */
		06BCA0072BCFE61F001A3E27 /* Frameworks */ = {
			isa = PBXFrameworksBuildPhase;
			buildActionMask = 2147483647;
			files = (
			);
			runOnlyForDeploymentPostprocessing = 0;
		};
		06BCA0192BCFE621001A3E27 /* Frameworks */ = {
			isa = PBXFrameworksBuildPhase;
			buildActionMask = 2147483647;
			files = (
			);
			runOnlyForDeploymentPostprocessing = 0;
		};
		06BCA0232BCFE621001A3E27 /* Frameworks */ = {
			isa = PBXFrameworksBuildPhase;
			buildActionMask = 2147483647;
			files = (
			);
			runOnlyForDeploymentPostprocessing = 0;
		};
/* End PBXFrameworksBuildPhase section */

/* Begin PBXGroup section */
		0665AC1F2BDC5D940079E838 /* Utilities */ = {
			isa = PBXGroup;
			children = (
				0665AC202BDC5DB10079E838 /* AudioPlayer.swift */,
			);
			path = Utilities;
			sourceTree = "<group>";
		};
		0665AC222BDC5E600079E838 /* Sounds */ = {
			isa = PBXGroup;
			children = (
				0665AC232BDC5E740079E838 /* netflix.mp3 */,
			);
			path = Sounds;
			sourceTree = "<group>";
		};
		06BCA0012BCFE61F001A3E27 = {
			isa = PBXGroup;
			children = (
				06BCA00C2BCFE61F001A3E27 /* Movie-Buff */,
				06BCA01F2BCFE621001A3E27 /* Movie-BuffTests */,
				06BCA0292BCFE621001A3E27 /* Movie-BuffUITests */,
				06BCA00B2BCFE61F001A3E27 /* Products */,
			);
			sourceTree = "<group>";
		};
		06BCA00B2BCFE61F001A3E27 /* Products */ = {
			isa = PBXGroup;
			children = (
				06BCA00A2BCFE61F001A3E27 /* Movie-Buff.app */,
				06BCA01C2BCFE621001A3E27 /* Movie-BuffTests.xctest */,
				06BCA0262BCFE621001A3E27 /* Movie-BuffUITests.xctest */,
			);
			name = Products;
			sourceTree = "<group>";
		};
		06BCA00C2BCFE61F001A3E27 /* Movie-Buff */ = {
			isa = PBXGroup;
			children = (
				0665AC222BDC5E600079E838 /* Sounds */,
				0665AC1F2BDC5D940079E838 /* Utilities */,
				06BCA0392BCFE655001A3E27 /* App */,
				06BCA0132BCFE621001A3E27 /* Assets.xcassets */,
				06BCA03B2BCFE681001A3E27 /* Models */,
				06BCA0852BDBC3B2001A3E27 /* PersistData */,
				06BCA0152BCFE621001A3E27 /* Preview Content */,
				06BCA04C2BD9D127001A3E27 /* ViewModel */,
				06BCA03A2BCFE670001A3E27 /* Views */,
			);
			path = "Movie-Buff";
			sourceTree = "<group>";
		};
		06BCA0152BCFE621001A3E27 /* Preview Content */ = {
			isa = PBXGroup;
			children = (
				06BCA0162BCFE621001A3E27 /* Preview Assets.xcassets */,
			);
			path = "Preview Content";
			sourceTree = "<group>";
		};
		06BCA01F2BCFE621001A3E27 /* Movie-BuffTests */ = {
			isa = PBXGroup;
			children = (
				06BCA0202BCFE621001A3E27 /* Movie_BuffTests.swift */,
			);
			path = "Movie-BuffTests";
			sourceTree = "<group>";
		};
		06BCA0292BCFE621001A3E27 /* Movie-BuffUITests */ = {
			isa = PBXGroup;
			children = (
				06BCA02A2BCFE621001A3E27 /* Movie_BuffUITests.swift */,
				06BCA02C2BCFE621001A3E27 /* Movie_BuffUITestsLaunchTests.swift */,
			);
			path = "Movie-BuffUITests";
			sourceTree = "<group>";
		};
		06BCA0392BCFE655001A3E27 /* App */ = {
			isa = PBXGroup;
			children = (
				06BCA03F2BD5DB39001A3E27 /* tmdb-info.plist */,
				06BCA00D2BCFE61F001A3E27 /* Movie_BuffApp.swift */,
				06BCA04A2BD6D482001A3E27 /* Constants.swift */,
			);
			path = App;
			sourceTree = "<group>";
		};
		06BCA03A2BCFE670001A3E27 /* Views */ = {
			isa = PBXGroup;
			children = (
				06BCA0422BD6B5C8001A3E27 /* ActorListView.swift */,
				06BCA07D2BDB1880001A3E27 /* AllCastView.swift */,
				06BCA05A2BDA7001001A3E27 /* AllMovieView.swift */,
				06BCA0812BDB1AEF001A3E27 /* CastMovieCreditsView.swift */,
				06BCA07F2BDB18FC001A3E27 /* ActorDetailView.swift */,
				06BCA0442BD6B5EB001A3E27 /* FavoriteMovieListView.swift */,
				06BCA00F2BCFE61F001A3E27 /* HomeView.swift */,
				06BCA07B2BDB173B001A3E27 /* HorizontalScrollCastView.swift */,
				06BCA0602BDA7390001A3E27 /* MovieDetailView.swift */,
				06BCA0692BDACE1A001A3E27 /* MovieInfoView.swift */,
				06BCA0402BD6B5B7001A3E27 /* MovieListView.swift */,
				06BCA0662BDAB249001A3E27 /* SearchResultsView.swift */,
				06BCA0632BDA8A83001A3E27 /* Components */,
				06BCA0622BDA89B2001A3E27 /* Styles */,
				06BCA0832BDB37A1001A3E27 /* ReviewsView.swift */,
				0665AC192BDC5BF50079E838 /* MainView.swift */,
				0665AC1B2BDC5C400079E838 /* OnboardingView.swift */,
			);
			path = Views;
			sourceTree = "<group>";
		};
		06BCA03B2BCFE681001A3E27 /* Models */ = {
			isa = PBXGroup;
			children = (
				06BCA0732BDAD4DF001A3E27 /* ActorDetail.swift */,
				06BCA0752BDAD501001A3E27 /* ActorImage.swift */,
				06BCA0712BDAD4CD001A3E27 /* Cast.swift */,
				06BCA06D2BDAD4A0001A3E27 /* Genre.swift */,
				06BCA0482BD6D444001A3E27 /* Movie.swift */,
				06BCA06B2BDACEA5001A3E27 /* MovieDetail.swift */,
				06BCA0792BDAD556001A3E27 /* MovieImage.swift */,
				06BCA06F2BDAD4B0001A3E27 /* MovieReview.swift */,
				06BCA0772BDAD50F001A3E27 /* TrendingActor.swift */,
			);
			path = Models;
			sourceTree = "<group>";
		};
		06BCA04C2BD9D127001A3E27 /* ViewModel */ = {
			isa = PBXGroup;
			children = (
				06BCA04D2BD9DA23001A3E27 /* MovieViewModel.swift */,
				06BCA04F2BDA3EA6001A3E27 /* MovieService.swift */,
			);
			path = ViewModel;
			sourceTree = "<group>";
		};
		06BCA0622BDA89B2001A3E27 /* Styles */ = {
			isa = PBXGroup;
			children = (
				06BCA05C2BDA706E001A3E27 /* FlatLinkStyle.swift */,
				06BCA0542BDA6E93001A3E27 /* LinearPoster.swift */,
				06BCA0582BDA6F8C001A3E27 /* TrailingIconLabelStyle.swift */,
			);
			path = Styles;
			sourceTree = "<group>";
		};
		06BCA0632BDA8A83001A3E27 /* Components */ = {
			isa = PBXGroup;
			children = (
				06BCA0682BDAC0BB001A3E27 /* Buttons */,
				06BCA0522BDA6E20001A3E27 /* BannerImageView.swift */,
				06BCA05E2BDA70AC001A3E27 /* ContextMenuMovieCell.swift */,
				06BCA0562BDA6F2E001A3E27 /* HorizontalScrollView.swift */,
			);
			path = Components;
			sourceTree = "<group>";
		};
		06BCA0682BDAC0BB001A3E27 /* Buttons */ = {
			isa = PBXGroup;
			children = (
				06BCA0642BDAB1D2001A3E27 /* SearchButton.swift */,
				06BCA0882BDBC7C7001A3E27 /* LikedButton.swift */,
			);
			path = Buttons;
			sourceTree = "<group>";
		};
		06BCA0852BDBC3B2001A3E27 /* PersistData */ = {
			isa = PBXGroup;
			children = (
				06BCA0862BDBC3FA001A3E27 /* MovieItem.swift */,
			);
			path = PersistData;
			sourceTree = "<group>";
		};
/* End PBXGroup section */

/* Begin PBXNativeTarget section */
		06BCA0092BCFE61F001A3E27 /* Movie-Buff */ = {
			isa = PBXNativeTarget;
			buildConfigurationList = 06BCA0302BCFE621001A3E27 /* Build configuration list for PBXNativeTarget "Movie-Buff" */;
			buildPhases = (
				06BCA0062BCFE61F001A3E27 /* Sources */,
				06BCA0072BCFE61F001A3E27 /* Frameworks */,
				06BCA0082BCFE61F001A3E27 /* Resources */,
				06BCA03E2BD5CFF4001A3E27 /* ShellScript */,
			);
			buildRules = (
			);
			dependencies = (
			);
			name = "Movie-Buff";
			productName = "Movie-Buff";
			productReference = 06BCA00A2BCFE61F001A3E27 /* Movie-Buff.app */;
			productType = "com.apple.product-type.application";
		};
		06BCA01B2BCFE621001A3E27 /* Movie-BuffTests */ = {
			isa = PBXNativeTarget;
			buildConfigurationList = 06BCA0332BCFE621001A3E27 /* Build configuration list for PBXNativeTarget "Movie-BuffTests" */;
			buildPhases = (
				06BCA0182BCFE621001A3E27 /* Sources */,
				06BCA0192BCFE621001A3E27 /* Frameworks */,
				06BCA01A2BCFE621001A3E27 /* Resources */,
			);
			buildRules = (
			);
			dependencies = (
				06BCA01E2BCFE621001A3E27 /* PBXTargetDependency */,
			);
			name = "Movie-BuffTests";
			productName = "Movie-BuffTests";
			productReference = 06BCA01C2BCFE621001A3E27 /* Movie-BuffTests.xctest */;
			productType = "com.apple.product-type.bundle.unit-test";
		};
		06BCA0252BCFE621001A3E27 /* Movie-BuffUITests */ = {
			isa = PBXNativeTarget;
			buildConfigurationList = 06BCA0362BCFE621001A3E27 /* Build configuration list for PBXNativeTarget "Movie-BuffUITests" */;
			buildPhases = (
				06BCA0222BCFE621001A3E27 /* Sources */,
				06BCA0232BCFE621001A3E27 /* Frameworks */,
				06BCA0242BCFE621001A3E27 /* Resources */,
			);
			buildRules = (
			);
			dependencies = (
				06BCA0282BCFE621001A3E27 /* PBXTargetDependency */,
			);
			name = "Movie-BuffUITests";
			productName = "Movie-BuffUITests";
			productReference = 06BCA0262BCFE621001A3E27 /* Movie-BuffUITests.xctest */;
			productType = "com.apple.product-type.bundle.ui-testing";
		};
/* End PBXNativeTarget section */

/* Begin PBXProject section */
		06BCA0022BCFE61F001A3E27 /* Project object */ = {
			isa = PBXProject;
			attributes = {
				BuildIndependentTargetsInParallel = 1;
				LastSwiftUpdateCheck = 1530;
				LastUpgradeCheck = 1530;
				TargetAttributes = {
					06BCA0092BCFE61F001A3E27 = {
						CreatedOnToolsVersion = 15.3;
					};
					06BCA01B2BCFE621001A3E27 = {
						CreatedOnToolsVersion = 15.3;
						TestTargetID = 06BCA0092BCFE61F001A3E27;
					};
					06BCA0252BCFE621001A3E27 = {
						CreatedOnToolsVersion = 15.3;
						TestTargetID = 06BCA0092BCFE61F001A3E27;
					};
				};
			};
			buildConfigurationList = 06BCA0052BCFE61F001A3E27 /* Build configuration list for PBXProject "Movie-Buff" */;
			compatibilityVersion = "Xcode 14.0";
			developmentRegion = en;
			hasScannedForEncodings = 0;
			knownRegions = (
				en,
				Base,
			);
			mainGroup = 06BCA0012BCFE61F001A3E27;
			productRefGroup = 06BCA00B2BCFE61F001A3E27 /* Products */;
			projectDirPath = "";
			projectRoot = "";
			targets = (
				06BCA0092BCFE61F001A3E27 /* Movie-Buff */,
				06BCA01B2BCFE621001A3E27 /* Movie-BuffTests */,
				06BCA0252BCFE621001A3E27 /* Movie-BuffUITests */,
			);
		};
/* End PBXProject section */

/* Begin PBXResourcesBuildPhase section */
		06BCA0082BCFE61F001A3E27 /* Resources */ = {
			isa = PBXResourcesBuildPhase;
			buildActionMask = 2147483647;
			files = (
				0665AC242BDC5E740079E838 /* netflix.mp3 in Resources */,
				06BCA0512BDA443A001A3E27 /* tmdb-info.plist in Resources */,
				06BCA0172BCFE621001A3E27 /* Preview Assets.xcassets in Resources */,
				06BCA0142BCFE621001A3E27 /* Assets.xcassets in Resources */,
			);
			runOnlyForDeploymentPostprocessing = 0;
		};
		06BCA01A2BCFE621001A3E27 /* Resources */ = {
			isa = PBXResourcesBuildPhase;
			buildActionMask = 2147483647;
			files = (
			);
			runOnlyForDeploymentPostprocessing = 0;
		};
		06BCA0242BCFE621001A3E27 /* Resources */ = {
			isa = PBXResourcesBuildPhase;
			buildActionMask = 2147483647;
			files = (
			);
			runOnlyForDeploymentPostprocessing = 0;
		};
/* End PBXResourcesBuildPhase section */

/* Begin PBXShellScriptBuildPhase section */
		06BCA03E2BD5CFF4001A3E27 /* ShellScript */ = {
			isa = PBXShellScriptBuildPhase;
			alwaysOutOfDate = 1;
			buildActionMask = 2147483647;
			files = (
			);
			inputFileListPaths = (
			);
			inputPaths = (
			);
			outputFileListPaths = (
			);
			outputPaths = (
			);
			runOnlyForDeploymentPostprocessing = 0;
			shellPath = /bin/sh;
			shellScript = "# Type a script or drag a script file from your workspace to insert its path.\nif [[ \"$(uname -m)\" == arm64 ]]; then\n export PATH=\"/opt/homebrew/bin:$PATH\"\nfi\nif which swiftlint >/dev/null; then\n    swiftlint\nelse\n    echo \"warning: Swiftlint not installed\"\nfi\n";
		};
/* End PBXShellScriptBuildPhase section */

/* Begin PBXSourcesBuildPhase section */
		06BCA0062BCFE61F001A3E27 /* Sources */ = {
			isa = PBXSourcesBuildPhase;
			buildActionMask = 2147483647;
			files = (
				06BCA04B2BD6D482001A3E27 /* Constants.swift in Sources */,
				0665AC1A2BDC5BF50079E838 /* MainView.swift in Sources */,
				06BCA0652BDAB1D2001A3E27 /* SearchButton.swift in Sources */,
				06BCA07C2BDB173B001A3E27 /* HorizontalScrollCastView.swift in Sources */,
				06BCA0722BDAD4CD001A3E27 /* Cast.swift in Sources */,
				06BCA0802BDB18FC001A3E27 /* ActorDetailView.swift in Sources */,
				06BCA0822BDB1AEF001A3E27 /* CastMovieCreditsView.swift in Sources */,
				06BCA06E2BDAD4A0001A3E27 /* Genre.swift in Sources */,
				06BCA05B2BDA7001001A3E27 /* AllMovieView.swift in Sources */,
				06BCA04E2BD9DA23001A3E27 /* MovieViewModel.swift in Sources */,
				06BCA05F2BDA70AC001A3E27 /* ContextMenuMovieCell.swift in Sources */,
				0665AC212BDC5DB10079E838 /* AudioPlayer.swift in Sources */,
				06BCA0842BDB37A1001A3E27 /* ReviewsView.swift in Sources */,
				06BCA07A2BDAD556001A3E27 /* MovieImage.swift in Sources */,
				06BCA0892BDBC7C7001A3E27 /* LikedButton.swift in Sources */,
				06BCA07E2BDB1880001A3E27 /* AllCastView.swift in Sources */,
				06BCA0762BDAD501001A3E27 /* ActorImage.swift in Sources */,
				06BCA0702BDAD4B0001A3E27 /* MovieReview.swift in Sources */,
				06BCA0742BDAD4DF001A3E27 /* ActorDetail.swift in Sources */,
				06BCA0102BCFE61F001A3E27 /* HomeView.swift in Sources */,
				06BCA0412BD6B5B7001A3E27 /* MovieListView.swift in Sources */,
				06BCA0532BDA6E20001A3E27 /* BannerImageView.swift in Sources */,
				06BCA0432BD6B5C8001A3E27 /* ActorListView.swift in Sources */,
				06BCA0782BDAD50F001A3E27 /* TrendingActor.swift in Sources */,
				06BCA05D2BDA706E001A3E27 /* FlatLinkStyle.swift in Sources */,
				06BCA0572BDA6F2E001A3E27 /* HorizontalScrollView.swift in Sources */,
				06BCA06A2BDACE1A001A3E27 /* MovieInfoView.swift in Sources */,
				0665AC1C2BDC5C400079E838 /* OnboardingView.swift in Sources */,
				06BCA00E2BCFE61F001A3E27 /* Movie_BuffApp.swift in Sources */,
				06BCA0492BD6D444001A3E27 /* Movie.swift in Sources */,
				06BCA0552BDA6E93001A3E27 /* LinearPoster.swift in Sources */,
				06BCA0452BD6B5EB001A3E27 /* FavoriteMovieListView.swift in Sources */,
				06BCA0612BDA7390001A3E27 /* MovieDetailView.swift in Sources */,
				06BCA0872BDBC3FA001A3E27 /* MovieItem.swift in Sources */,
				06BCA0672BDAB249001A3E27 /* SearchResultsView.swift in Sources */,
				06BCA0592BDA6F8C001A3E27 /* TrailingIconLabelStyle.swift in Sources */,
				06BCA0502BDA3EA6001A3E27 /* MovieService.swift in Sources */,
				06BCA06C2BDACEA5001A3E27 /* MovieDetail.swift in Sources */,
			);
			runOnlyForDeploymentPostprocessing = 0;
		};
		06BCA0182BCFE621001A3E27 /* Sources */ = {
			isa = PBXSourcesBuildPhase;
			buildActionMask = 2147483647;
			files = (
				06BCA0212BCFE621001A3E27 /* Movie_BuffTests.swift in Sources */,
			);
			runOnlyForDeploymentPostprocessing = 0;
		};
		06BCA0222BCFE621001A3E27 /* Sources */ = {
			isa = PBXSourcesBuildPhase;
			buildActionMask = 2147483647;
			files = (
				06BCA02D2BCFE621001A3E27 /* Movie_BuffUITestsLaunchTests.swift in Sources */,
				06BCA02B2BCFE621001A3E27 /* Movie_BuffUITests.swift in Sources */,
			);
			runOnlyForDeploymentPostprocessing = 0;
		};
/* End PBXSourcesBuildPhase section */

/* Begin PBXTargetDependency section */
		06BCA01E2BCFE621001A3E27 /* PBXTargetDependency */ = {
			isa = PBXTargetDependency;
			target = 06BCA0092BCFE61F001A3E27 /* Movie-Buff */;
			targetProxy = 06BCA01D2BCFE621001A3E27 /* PBXContainerItemProxy */;
		};
		06BCA0282BCFE621001A3E27 /* PBXTargetDependency */ = {
			isa = PBXTargetDependency;
			target = 06BCA0092BCFE61F001A3E27 /* Movie-Buff */;
			targetProxy = 06BCA0272BCFE621001A3E27 /* PBXContainerItemProxy */;
		};
/* End PBXTargetDependency section */

/* Begin XCBuildConfiguration section */
		06BCA02E2BCFE621001A3E27 /* Debug */ = {
			isa = XCBuildConfiguration;
			buildSettings = {
				ALWAYS_SEARCH_USER_PATHS = NO;
				ASSETCATALOG_COMPILER_GENERATE_SWIFT_ASSET_SYMBOL_EXTENSIONS = YES;
				CLANG_ANALYZER_NONNULL = YES;
				CLANG_ANALYZER_NUMBER_OBJECT_CONVERSION = YES_AGGRESSIVE;
				CLANG_CXX_LANGUAGE_STANDARD = "gnu++20";
				CLANG_ENABLE_MODULES = YES;
				CLANG_ENABLE_OBJC_ARC = YES;
				CLANG_ENABLE_OBJC_WEAK = YES;
				CLANG_WARN_BLOCK_CAPTURE_AUTORELEASING = YES;
				CLANG_WARN_BOOL_CONVERSION = YES;
				CLANG_WARN_COMMA = YES;
				CLANG_WARN_CONSTANT_CONVERSION = YES;
				CLANG_WARN_DEPRECATED_OBJC_IMPLEMENTATIONS = YES;
				CLANG_WARN_DIRECT_OBJC_ISA_USAGE = YES_ERROR;
				CLANG_WARN_DOCUMENTATION_COMMENTS = YES;
				CLANG_WARN_EMPTY_BODY = YES;
				CLANG_WARN_ENUM_CONVERSION = YES;
				CLANG_WARN_INFINITE_RECURSION = YES;
				CLANG_WARN_INT_CONVERSION = YES;
				CLANG_WARN_NON_LITERAL_NULL_CONVERSION = YES;
				CLANG_WARN_OBJC_IMPLICIT_RETAIN_SELF = YES;
				CLANG_WARN_OBJC_LITERAL_CONVERSION = YES;
				CLANG_WARN_OBJC_ROOT_CLASS = YES_ERROR;
				CLANG_WARN_QUOTED_INCLUDE_IN_FRAMEWORK_HEADER = YES;
				CLANG_WARN_RANGE_LOOP_ANALYSIS = YES;
				CLANG_WARN_STRICT_PROTOTYPES = YES;
				CLANG_WARN_SUSPICIOUS_MOVE = YES;
				CLANG_WARN_UNGUARDED_AVAILABILITY = YES_AGGRESSIVE;
				CLANG_WARN_UNREACHABLE_CODE = YES;
				CLANG_WARN__DUPLICATE_METHOD_MATCH = YES;
				COPY_PHASE_STRIP = NO;
				DEBUG_INFORMATION_FORMAT = dwarf;
				ENABLE_STRICT_OBJC_MSGSEND = YES;
				ENABLE_TESTABILITY = YES;
				ENABLE_USER_SCRIPT_SANDBOXING = NO;
				GCC_C_LANGUAGE_STANDARD = gnu17;
				GCC_DYNAMIC_NO_PIC = NO;
				GCC_NO_COMMON_BLOCKS = YES;
				GCC_OPTIMIZATION_LEVEL = 0;
				GCC_PREPROCESSOR_DEFINITIONS = (
					"DEBUG=1",
					"$(inherited)",
				);
				GCC_WARN_64_TO_32_BIT_CONVERSION = YES;
				GCC_WARN_ABOUT_RETURN_TYPE = YES_ERROR;
				GCC_WARN_UNDECLARED_SELECTOR = YES;
				GCC_WARN_UNINITIALIZED_AUTOS = YES_AGGRESSIVE;
				GCC_WARN_UNUSED_FUNCTION = YES;
				GCC_WARN_UNUSED_VARIABLE = YES;
				IPHONEOS_DEPLOYMENT_TARGET = 17.0;
				LOCALIZATION_PREFERS_STRING_CATALOGS = YES;
				MTL_ENABLE_DEBUG_INFO = INCLUDE_SOURCE;
				MTL_FAST_MATH = YES;
				ONLY_ACTIVE_ARCH = YES;
				SDKROOT = iphoneos;
				SWIFT_ACTIVE_COMPILATION_CONDITIONS = "DEBUG $(inherited)";
				SWIFT_OPTIMIZATION_LEVEL = "-Onone";
			};
			name = Debug;
		};
		06BCA02F2BCFE621001A3E27 /* Release */ = {
			isa = XCBuildConfiguration;
			buildSettings = {
				ALWAYS_SEARCH_USER_PATHS = NO;
				ASSETCATALOG_COMPILER_GENERATE_SWIFT_ASSET_SYMBOL_EXTENSIONS = YES;
				CLANG_ANALYZER_NONNULL = YES;
				CLANG_ANALYZER_NUMBER_OBJECT_CONVERSION = YES_AGGRESSIVE;
				CLANG_CXX_LANGUAGE_STANDARD = "gnu++20";
				CLANG_ENABLE_MODULES = YES;
				CLANG_ENABLE_OBJC_ARC = YES;
				CLANG_ENABLE_OBJC_WEAK = YES;
				CLANG_WARN_BLOCK_CAPTURE_AUTORELEASING = YES;
				CLANG_WARN_BOOL_CONVERSION = YES;
				CLANG_WARN_COMMA = YES;
				CLANG_WARN_CONSTANT_CONVERSION = YES;
				CLANG_WARN_DEPRECATED_OBJC_IMPLEMENTATIONS = YES;
				CLANG_WARN_DIRECT_OBJC_ISA_USAGE = YES_ERROR;
				CLANG_WARN_DOCUMENTATION_COMMENTS = YES;
				CLANG_WARN_EMPTY_BODY = YES;
				CLANG_WARN_ENUM_CONVERSION = YES;
				CLANG_WARN_INFINITE_RECURSION = YES;
				CLANG_WARN_INT_CONVERSION = YES;
				CLANG_WARN_NON_LITERAL_NULL_CONVERSION = YES;
				CLANG_WARN_OBJC_IMPLICIT_RETAIN_SELF = YES;
				CLANG_WARN_OBJC_LITERAL_CONVERSION = YES;
				CLANG_WARN_OBJC_ROOT_CLASS = YES_ERROR;
				CLANG_WARN_QUOTED_INCLUDE_IN_FRAMEWORK_HEADER = YES;
				CLANG_WARN_RANGE_LOOP_ANALYSIS = YES;
				CLANG_WARN_STRICT_PROTOTYPES = YES;
				CLANG_WARN_SUSPICIOUS_MOVE = YES;
				CLANG_WARN_UNGUARDED_AVAILABILITY = YES_AGGRESSIVE;
				CLANG_WARN_UNREACHABLE_CODE = YES;
				CLANG_WARN__DUPLICATE_METHOD_MATCH = YES;
				COPY_PHASE_STRIP = NO;
				DEBUG_INFORMATION_FORMAT = "dwarf-with-dsym";
				ENABLE_NS_ASSERTIONS = NO;
				ENABLE_STRICT_OBJC_MSGSEND = YES;
				ENABLE_USER_SCRIPT_SANDBOXING = NO;
				GCC_C_LANGUAGE_STANDARD = gnu17;
				GCC_NO_COMMON_BLOCKS = YES;
				GCC_WARN_64_TO_32_BIT_CONVERSION = YES;
				GCC_WARN_ABOUT_RETURN_TYPE = YES_ERROR;
				GCC_WARN_UNDECLARED_SELECTOR = YES;
				GCC_WARN_UNINITIALIZED_AUTOS = YES_AGGRESSIVE;
				GCC_WARN_UNUSED_FUNCTION = YES;
				GCC_WARN_UNUSED_VARIABLE = YES;
				IPHONEOS_DEPLOYMENT_TARGET = 17.0;
				LOCALIZATION_PREFERS_STRING_CATALOGS = YES;
				MTL_ENABLE_DEBUG_INFO = NO;
				MTL_FAST_MATH = YES;
				ONLY_ACTIVE_ARCH = NO;
				SDKROOT = iphoneos;
				SWIFT_COMPILATION_MODE = wholemodule;
				VALIDATE_PRODUCT = YES;
			};
			name = Release;
		};
		06BCA0312BCFE621001A3E27 /* Debug */ = {
			isa = XCBuildConfiguration;
			buildSettings = {
				ASSETCATALOG_COMPILER_APPICON_NAME = AppIcon;
				ASSETCATALOG_COMPILER_GLOBAL_ACCENT_COLOR_NAME = AccentColor;
				CODE_SIGN_STYLE = Automatic;
				CURRENT_PROJECT_VERSION = 1;
				DEVELOPMENT_ASSET_PATHS = "\"Movie-Buff/Preview Content\"";
				DEVELOPMENT_TEAM = M7DLEYBF3T;
				ENABLE_PREVIEWS = YES;
				GENERATE_INFOPLIST_FILE = YES;
				INFOPLIST_KEY_CFBundleDisplayName = "Movie Buff";
				INFOPLIST_KEY_LSApplicationCategoryType = "public.app-category.entertainment";
				INFOPLIST_KEY_UIApplicationSceneManifest_Generation = YES;
				INFOPLIST_KEY_UIApplicationSupportsIndirectInputEvents = YES;
				INFOPLIST_KEY_UILaunchScreen_Generation = YES;
				INFOPLIST_KEY_UISupportedInterfaceOrientations_iPad = "UIInterfaceOrientationPortrait UIInterfaceOrientationPortraitUpsideDown UIInterfaceOrientationLandscapeLeft UIInterfaceOrientationLandscapeRight";
				INFOPLIST_KEY_UISupportedInterfaceOrientations_iPhone = "UIInterfaceOrientationPortrait UIInterfaceOrientationLandscapeLeft UIInterfaceOrientationLandscapeRight";
				IPHONEOS_DEPLOYMENT_TARGET = 17.0;
				LD_RUNPATH_SEARCH_PATHS = (
					"$(inherited)",
					"@executable_path/Frameworks",
				);
				MARKETING_VERSION = 1.0;
				PRODUCT_BUNDLE_IDENTIFIER = "com.mohak.Movie-Buff";
				PRODUCT_NAME = "$(TARGET_NAME)";
				SUPPORTED_PLATFORMS = "iphoneos iphonesimulator";
				SUPPORTS_MACCATALYST = NO;
				SUPPORTS_MAC_DESIGNED_FOR_IPHONE_IPAD = NO;
				SUPPORTS_XR_DESIGNED_FOR_IPHONE_IPAD = NO;
				SWIFT_EMIT_LOC_STRINGS = YES;
				SWIFT_VERSION = 5.0;
				TARGETED_DEVICE_FAMILY = 1;
			};
			name = Debug;
		};
		06BCA0322BCFE621001A3E27 /* Release */ = {
			isa = XCBuildConfiguration;
			buildSettings = {
				ASSETCATALOG_COMPILER_APPICON_NAME = AppIcon;
				ASSETCATALOG_COMPILER_GLOBAL_ACCENT_COLOR_NAME = AccentColor;
				CODE_SIGN_STYLE = Automatic;
				CURRENT_PROJECT_VERSION = 1;
				DEVELOPMENT_ASSET_PATHS = "\"Movie-Buff/Preview Content\"";
				DEVELOPMENT_TEAM = M7DLEYBF3T;
				ENABLE_PREVIEWS = YES;
				GENERATE_INFOPLIST_FILE = YES;
				INFOPLIST_KEY_CFBundleDisplayName = "Movie Buff";
				INFOPLIST_KEY_LSApplicationCategoryType = "public.app-category.entertainment";
				INFOPLIST_KEY_UIApplicationSceneManifest_Generation = YES;
				INFOPLIST_KEY_UIApplicationSupportsIndirectInputEvents = YES;
				INFOPLIST_KEY_UILaunchScreen_Generation = YES;
				INFOPLIST_KEY_UISupportedInterfaceOrientations_iPad = "UIInterfaceOrientationPortrait UIInterfaceOrientationPortraitUpsideDown UIInterfaceOrientationLandscapeLeft UIInterfaceOrientationLandscapeRight";
				INFOPLIST_KEY_UISupportedInterfaceOrientations_iPhone = "UIInterfaceOrientationPortrait UIInterfaceOrientationLandscapeLeft UIInterfaceOrientationLandscapeRight";
				IPHONEOS_DEPLOYMENT_TARGET = 17.0;
				LD_RUNPATH_SEARCH_PATHS = (
					"$(inherited)",
					"@executable_path/Frameworks",
				);
				MARKETING_VERSION = 1.0;
				PRODUCT_BUNDLE_IDENTIFIER = "com.mohak.Movie-Buff";
				PRODUCT_NAME = "$(TARGET_NAME)";
				SUPPORTED_PLATFORMS = "iphoneos iphonesimulator";
				SUPPORTS_MACCATALYST = NO;
				SUPPORTS_MAC_DESIGNED_FOR_IPHONE_IPAD = NO;
				SUPPORTS_XR_DESIGNED_FOR_IPHONE_IPAD = NO;
				SWIFT_EMIT_LOC_STRINGS = YES;
				SWIFT_VERSION = 5.0;
				TARGETED_DEVICE_FAMILY = 1;
			};
			name = Release;
		};
		06BCA0342BCFE621001A3E27 /* Debug */ = {
			isa = XCBuildConfiguration;
			buildSettings = {
				ALWAYS_EMBED_SWIFT_STANDARD_LIBRARIES = YES;
				BUNDLE_LOADER = "$(TEST_HOST)";
				CODE_SIGN_STYLE = Automatic;
				CURRENT_PROJECT_VERSION = 1;
				DEVELOPMENT_TEAM = M7DLEYBF3T;
				GENERATE_INFOPLIST_FILE = YES;
				IPHONEOS_DEPLOYMENT_TARGET = 17.0;
				MARKETING_VERSION = 1.0;
				PRODUCT_BUNDLE_IDENTIFIER = "com.mohak.Movie-BuffTests";
				PRODUCT_NAME = "$(TARGET_NAME)";
				SUPPORTED_PLATFORMS = "iphoneos iphonesimulator";
				SUPPORTS_MACCATALYST = NO;
				SUPPORTS_MAC_DESIGNED_FOR_IPHONE_IPAD = NO;
				SUPPORTS_XR_DESIGNED_FOR_IPHONE_IPAD = NO;
				SWIFT_EMIT_LOC_STRINGS = NO;
				SWIFT_VERSION = 5.0;
				TARGETED_DEVICE_FAMILY = 1;
				TEST_HOST = "$(BUILT_PRODUCTS_DIR)/Movie-Buff.app/$(BUNDLE_EXECUTABLE_FOLDER_PATH)/Movie-Buff";
			};
			name = Debug;
		};
		06BCA0352BCFE621001A3E27 /* Release */ = {
			isa = XCBuildConfiguration;
			buildSettings = {
				ALWAYS_EMBED_SWIFT_STANDARD_LIBRARIES = YES;
				BUNDLE_LOADER = "$(TEST_HOST)";
				CODE_SIGN_STYLE = Automatic;
				CURRENT_PROJECT_VERSION = 1;
				DEVELOPMENT_TEAM = M7DLEYBF3T;
				GENERATE_INFOPLIST_FILE = YES;
				IPHONEOS_DEPLOYMENT_TARGET = 17.0;
				MARKETING_VERSION = 1.0;
				PRODUCT_BUNDLE_IDENTIFIER = "com.mohak.Movie-BuffTests";
				PRODUCT_NAME = "$(TARGET_NAME)";
				SUPPORTED_PLATFORMS = "iphoneos iphonesimulator";
				SUPPORTS_MACCATALYST = NO;
				SUPPORTS_MAC_DESIGNED_FOR_IPHONE_IPAD = NO;
				SUPPORTS_XR_DESIGNED_FOR_IPHONE_IPAD = NO;
				SWIFT_EMIT_LOC_STRINGS = NO;
				SWIFT_VERSION = 5.0;
				TARGETED_DEVICE_FAMILY = 1;
				TEST_HOST = "$(BUILT_PRODUCTS_DIR)/Movie-Buff.app/$(BUNDLE_EXECUTABLE_FOLDER_PATH)/Movie-Buff";
			};
			name = Release;
		};
		06BCA0372BCFE621001A3E27 /* Debug */ = {
			isa = XCBuildConfiguration;
			buildSettings = {
				ALWAYS_EMBED_SWIFT_STANDARD_LIBRARIES = YES;
				CODE_SIGN_STYLE = Automatic;
				CURRENT_PROJECT_VERSION = 1;
				DEVELOPMENT_TEAM = M7DLEYBF3T;
				GENERATE_INFOPLIST_FILE = YES;
				MARKETING_VERSION = 1.0;
				PRODUCT_BUNDLE_IDENTIFIER = "com.mohak.Movie-BuffUITests";
				PRODUCT_NAME = "$(TARGET_NAME)";
				SUPPORTED_PLATFORMS = "iphoneos iphonesimulator";
				SUPPORTS_MACCATALYST = NO;
				SUPPORTS_MAC_DESIGNED_FOR_IPHONE_IPAD = NO;
				SUPPORTS_XR_DESIGNED_FOR_IPHONE_IPAD = NO;
				SWIFT_EMIT_LOC_STRINGS = NO;
				SWIFT_VERSION = 5.0;
				TARGETED_DEVICE_FAMILY = 1;
				TEST_TARGET_NAME = "Movie-Buff";
			};
			name = Debug;
		};
		06BCA0382BCFE621001A3E27 /* Release */ = {
			isa = XCBuildConfiguration;
			buildSettings = {
				ALWAYS_EMBED_SWIFT_STANDARD_LIBRARIES = YES;
				CODE_SIGN_STYLE = Automatic;
				CURRENT_PROJECT_VERSION = 1;
				DEVELOPMENT_TEAM = M7DLEYBF3T;
				GENERATE_INFOPLIST_FILE = YES;
				MARKETING_VERSION = 1.0;
				PRODUCT_BUNDLE_IDENTIFIER = "com.mohak.Movie-BuffUITests";
				PRODUCT_NAME = "$(TARGET_NAME)";
				SUPPORTED_PLATFORMS = "iphoneos iphonesimulator";
				SUPPORTS_MACCATALYST = NO;
				SUPPORTS_MAC_DESIGNED_FOR_IPHONE_IPAD = NO;
				SUPPORTS_XR_DESIGNED_FOR_IPHONE_IPAD = NO;
				SWIFT_EMIT_LOC_STRINGS = NO;
				SWIFT_VERSION = 5.0;
				TARGETED_DEVICE_FAMILY = 1;
				TEST_TARGET_NAME = "Movie-Buff";
			};
			name = Release;
		};
/* End XCBuildConfiguration section */

/* Begin XCConfigurationList section */
		06BCA0052BCFE61F001A3E27 /* Build configuration list for PBXProject "Movie-Buff" */ = {
			isa = XCConfigurationList;
			buildConfigurations = (
				06BCA02E2BCFE621001A3E27 /* Debug */,
				06BCA02F2BCFE621001A3E27 /* Release */,
			);
			defaultConfigurationIsVisible = 0;
			defaultConfigurationName = Release;
		};
		06BCA0302BCFE621001A3E27 /* Build configuration list for PBXNativeTarget "Movie-Buff" */ = {
			isa = XCConfigurationList;
			buildConfigurations = (
				06BCA0312BCFE621001A3E27 /* Debug */,
				06BCA0322BCFE621001A3E27 /* Release */,
			);
			defaultConfigurationIsVisible = 0;
			defaultConfigurationName = Release;
		};
		06BCA0332BCFE621001A3E27 /* Build configuration list for PBXNativeTarget "Movie-BuffTests" */ = {
			isa = XCConfigurationList;
			buildConfigurations = (
				06BCA0342BCFE621001A3E27 /* Debug */,
				06BCA0352BCFE621001A3E27 /* Release */,
			);
			defaultConfigurationIsVisible = 0;
			defaultConfigurationName = Release;
		};
		06BCA0362BCFE621001A3E27 /* Build configuration list for PBXNativeTarget "Movie-BuffUITests" */ = {
			isa = XCConfigurationList;
			buildConfigurations = (
				06BCA0372BCFE621001A3E27 /* Debug */,
				06BCA0382BCFE621001A3E27 /* Release */,
			);
			defaultConfigurationIsVisible = 0;
			defaultConfigurationName = Release;
		};
/* End XCConfigurationList section */
	};
	rootObject = 06BCA0022BCFE61F001A3E27 /* Project object */;
}
